
Microsoft Visual Studio Solution File, Format Version 12.00
# Visual Studio 14
VisualStudioVersion = 14.0.23107.0
MinimumVisualStudioVersion = 10.0.40219.1
Project("{FAE04EC0-301F-11D3-BF4B-00C04F79EFBC}") = "SuperZapatos", "SuperZapatos\SuperZapatos.csproj", "{DB49685F-90FE-431A-BE07-4CD763BC741E}"
EndProject
Project("{FAE04EC0-301F-11D3-BF4B-00C04F79EFBC}") = "SuperZapatos.Tests", "SuperZapatos.Tests\SuperZapatos.Tests.csproj", "{CA2044B3-CBD2-4AF4-91FE-3A19B0A3C725}"
EndProject
Global
	GlobalSection(SolutionConfigurationPlatforms) = preSolution
		Debug|Any CPU = Debug|Any CPU
		Release|Any CPU = Release|Any CPU
	EndGlobalSection
	GlobalSection(ProjectConfigurationPlatforms) = postSolution
		{DB49685F-90FE-431A-BE07-4CD763BC741E}.Debug|Any CPU.ActiveCfg = Debug|Any CPU
		{DB49685F-90FE-431A-BE07-4CD763BC741E}.Debug|Any CPU.Build.0 = Debug|Any CPU
		{DB49685F-90FE-431A-BE07-4CD763BC741E}.Release|Any CPU.ActiveCfg = Release|Any CPU
		{DB49685F-90FE-431A-BE07-4CD763BC741E}.Release|Any CPU.Build.0 = Release|Any CPU
		{CA2044B3-CBD2-4AF4-91FE-3A19B0A3C725}.Debug|Any CPU.ActiveCfg = Debug|Any CPU
		{CA2044B3-CBD2-4AF4-91FE-3A19B0A3C725}.Debug|Any CPU.Build.0 = Debug|Any CPU
		{CA2044B3-CBD2-4AF4-91FE-3A19B0A3C725}.Release|Any CPU.ActiveCfg = Release|Any CPU
		{CA2044B3-CBD2-4AF4-91FE-3A19B0A3C725}.Release|Any CPU.Build.0 = Release|Any CPU
	EndGlobalSection
	GlobalSection(SolutionProperties) = preSolution
		HideSolutionNode = FALSE
	EndGlobalSection
	GlobalSection(TeamFoundationVersionControl) = preSolution
		SccNumberOfProjects = 3
		SccEnterpriseProvider = {4CA58AB2-18FA-4F8D-95D4-32DDF27D184C}
		SccTeamFoundationServer = https://idvillota.visualstudio.com/defaultcollection
		SccLocalPath0 = .
		SccProjectUniqueName1 = SuperZapatos.Tests\\SuperZapatos.Tests.csproj
		SccProjectName1 = SuperZapatos.Tests
		SccLocalPath1 = SuperZapatos.Tests
		SccProjectUniqueName2 = SuperZapatos\\SuperZapatos.csproj
		SccProjectName2 = SuperZapatos
		SccLocalPath2 = SuperZapatos
	EndGlobalSection
EndGlobal
